// !$*UTF8*$!
{
	archiveVersion = 1;
	classes = {
	};
	objectVersion = 46;
	objects = {

/* Begin PBXBuildFile section */
		4632CA7D1E84B8D3002FA020 /* AppDelegate.swift in Sources */ = {isa = PBXBuildFile; fileRef = 4632CA7C1E84B8D3002FA020 /* AppDelegate.swift */; };
		4632CA7F1E84B8D3002FA020 /* ViewController.swift in Sources */ = {isa = PBXBuildFile; fileRef = 4632CA7E1E84B8D3002FA020 /* ViewController.swift */; };
		4632CA821E84B8D3002FA020 /* Main.storyboard in Resources */ = {isa = PBXBuildFile; fileRef = 4632CA801E84B8D3002FA020 /* Main.storyboard */; };
		4632CA851E84B8D3002FA020 /* swiftDome.xcdatamodeld in Sources */ = {isa = PBXBuildFile; fileRef = 4632CA831E84B8D3002FA020 /* swiftDome.xcdatamodeld */; };
		4632CA871E84B8D3002FA020 /* Assets.xcassets in Resources */ = {isa = PBXBuildFile; fileRef = 4632CA861E84B8D3002FA020 /* Assets.xcassets */; };
		4632CA8A1E84B8D3002FA020 /* LaunchScreen.storyboard in Resources */ = {isa = PBXBuildFile; fileRef = 4632CA881E84B8D3002FA020 /* LaunchScreen.storyboard */; };
/* End PBXBuildFile section */

/* Begin PBXFileReference section */
		4632CA791E84B8D3002FA020 /* swiftDome.app */ = {isa = PBXFileReference; explicitFileType = wrapper.application; includeInIndex = 0; path = swiftDome.app; sourceTree = BUILT_PRODUCTS_DIR; };
		4632CA7C1E84B8D3002FA020 /* AppDelegate.swift */ = {isa = PBXFileReference; lastKnownFileType = sourcecode.swift; path = AppDelegate.swift; sourceTree = "<group>"; };
		4632CA7E1E84B8D3002FA020 /* ViewController.swift */ = {isa = PBXFileReference; lastKnownFileType = sourcecode.swift; path = ViewController.swift; sourceTree = "<group>"; };
		4632CA811E84B8D3002FA020 /* Base */ = {isa = PBXFileReference; lastKnownFileType = file.storyboard; name = Base; path = Base.lproj/Main.storyboard; sourceTree = "<group>"; };
		4632CA841E84B8D3002FA020 /* swiftDome.xcdatamodel */ = {isa = PBXFileReference; lastKnownFileType = wrapper.xcdatamodel; path = swiftDome.xcdatamodel; sourceTree = "<group>"; };
		4632CA861E84B8D3002FA020 /* Assets.xcassets */ = {isa = PBXFileReference; lastKnownFileType = folder.assetcatalog; path = Assets.xcassets; sourceTree = "<group>"; };
		4632CA891E84B8D3002FA020 /* Base */ = {isa = PBXFileReference; lastKnownFileType = file.storyboard; name = Base; path = Base.lproj/LaunchScreen.storyboard; sourceTree = "<group>"; };
		4632CA8B1E84B8D3002FA020 /* Info.plist */ = {isa = PBXFileReference; lastKnownFileType = text.plist.xml; path = Info.plist; sourceTree = "<group>"; };
/* End PBXFileReference section */

/* Begin PBXFrameworksBuildPhase section */
		4632CA761E84B8D3002FA020 /* Frameworks */ = {
			isa = PBXFrameworksBuildPhase;
			buildActionMask = 2147483647;
			files = (
			);
			runOnlyForDeploymentPostprocessing = 0;
		};
/* End PBXFrameworksBuildPhase section */

/* Begin PBXGroup section */
		4632CA701E84B8D3002FA020 = {
			isa = PBXGroup;
			children = (
				4632CA7B1E84B8D3002FA020 /* swiftDome */,
				4632CA7A1E84B8D3002FA020 /* Products */,
			);
			sourceTree = "<group>";
		};
		4632CA7A1E84B8D3002FA020 /* Products */ = {
			isa = PBXGroup;
			children = (
				4632CA791E84B8D3002FA020 /* swiftDome.app */,
			);
			name = Products;
			sourceTree = "<group>";
		};
		4632CA7B1E84B8D3002FA020 /* swiftDome */ = {
			isa = PBXGroup;
			children = (
				4632CA7C1E84B8D3002FA020 /* AppDelegate.swift */,
				4632CA7E1E84B8D3002FA020 /* ViewController.swift */,
				4632CA801E84B8D3002FA020 /* Main.storyboard */,
				4632CA861E84B8D3002FA020 /* Assets.xcassets */,
				4632CA881E84B8D3002FA020 /* LaunchScreen.storyboard */,
				4632CA8B1E84B8D3002FA020 /* Info.plist */,
				4632CA831E84B8D3002FA020 /* swiftDome.xcdatamodeld */,
			);
			path = swiftDome;
			sourceTree = "<group>";
		};
/* End PBXGroup section */

/* Begin PBXNativeTarget section */
		4632CA781E84B8D3002FA020 /* swiftDome */ = {
			isa = PBXNativeTarget;
			buildConfigurationList = 4632CA8E1E84B8D3002FA020 /* Build configuration list for PBXNativeTarget "swiftDome" */;
			buildPhases = (
				4632CA751E84B8D3002FA020 /* Sources */,
				4632CA761E84B8D3002FA020 /* Frameworks */,
				4632CA771E84B8D3002FA020 /* Resources */,
			);
			buildRules = (
			);
			dependencies = (
			);
			name = swiftDome;
			productName = swiftDome;
			productReference = 4632CA791E84B8D3002FA020 /* swiftDome.app */;
			productType = "com.apple.product-type.application";
		};
/* End PBXNativeTarget section */

/* Begin PBXProject section */
		4632CA711E84B8D3002FA020 /* Project object */ = {
			isa = PBXProject;
			attributes = {
				LastSwiftUpdateCheck = 0820;
				LastUpgradeCheck = 0820;
				ORGANIZATIONNAME = "黄坤";
				TargetAttributes = {
					4632CA781E84B8D3002FA020 = {
						CreatedOnToolsVersion = 8.2.1;
						ProvisioningStyle = Automatic;
					};
				};
			};
			buildConfigurationList = 4632CA741E84B8D3002FA020 /* Build configuration list for PBXProject "swiftDome" */;
			compatibilityVersion = "Xcode 3.2";
			developmentRegion = English;
			hasScannedForEncodings = 0;
			knownRegions = (
				en,
				Base,
			);
			mainGroup = 4632CA701E84B8D3002FA020;
			productRefGroup = 4632CA7A1E84B8D3002FA020 /* Products */;
			projectDirPath = "";
			projectRoot = "";
			targets = (
				4632CA781E84B8D3002FA020 /* swiftDome */,
			);
		};
/* End PBXProject section */

/* Begin PBXResourcesBuildPhase section */
		4632CA771E84B8D3002FA020 /* Resources */ = {
			isa = PBXResourcesBuildPhase;
			buildActionMask = 2147483647;
			files = (
				4632CA8A1E84B8D3002FA020 /* LaunchScreen.storyboard in Resources */,
				4632CA871E84B8D3002FA020 /* Assets.xcassets in Resources */,
				4632CA821E84B8D3002FA020 /* Main.storyboard in Resources */,
			);
			runOnlyForDeploymentPostprocessing = 0;
		};
/* End PBXResourcesBuildPhase section */

/* Begin PBXSourcesBuildPhase section */
		4632CA751E84B8D3002FA020 /* Sources */ = {
			isa = PBXSourcesBuildPhase;
			buildActionMask = 2147483647;
			files = (
				4632CA7F1E84B8D3002FA020 /* ViewController.swift in Sources */,
				4632CA7D1E84B8D3002FA020 /* AppDelegate.swift in Sources */,
				4632CA851E84B8D3002FA020 /* swiftDome.xcdatamodeld in Sources */,
			);
			runOnlyForDeploymentPostprocessing = 0;
		};
/* End PBXSourcesBuildPhase section */

/* Begin PBXVariantGroup section */
		4632CA801E84B8D3002FA020 /* Main.storyboard */ = {
			isa = PBXVariantGroup;
			children = (
				4632CA811E84B8D3002FA020 /* Base */,
			);
			name = Main.storyboard;
			sourceTree = "<group>";
		};
		4632CA881E84B8D3002FA020 /* LaunchScreen.storyboard */ = {
			isa = PBXVariantGroup;
			children = (
				4632CA891E84B8D3002FA020 /* Base */,
			);
			name = LaunchScreen.storyboard;
			sourceTree = "<group>";
		};
/* End PBXVariantGroup section */

/* Begin XCBuildConfiguration section */
		4632CA8C1E84B8D3002FA020 /* Debug */ = {
			isa = XCBuildConfiguration;
			buildSettings = {
				ALWAYS_SEARCH_USER_PATHS = NO;
				CLANG_ANALYZER_NONNULL = YES;
				CLANG_CXX_LANGUAGE_STANDARD = "gnu++0x";
				CLANG_CXX_LIBRARY = "libc++";
				CLANG_ENABLE_MODULES = YES;
				CLANG_ENABLE_OBJC_ARC = YES;
				CLANG_WARN_BOOL_CONVERSION = YES;
				CLANG_WARN_CONSTANT_CONVERSION = YES;
				CLANG_WARN_DIRECT_OBJC_ISA_USAGE = YES_ERROR;
				CLANG_WARN_DOCUMENTATION_COMMENTS = YES;
				CLANG_WARN_EMPTY_BODY = YES;
				CLANG_WARN_ENUM_CONVERSION = YES;
				CLANG_WARN_INFINITE_RECURSION = YES;
				CLANG_WARN_INT_CONVERSION = YES;
				CLANG_WARN_OBJC_ROOT_CLASS = YES_ERROR;
				CLANG_WARN_SUSPICIOUS_MOVE = YES;
				CLANG_WARN_UNREACHABLE_CODE = YES;
				CLANG_WARN__DUPLICATE_METHOD_MATCH = YES;
				"CODE_SIGN_IDENTITY[sdk=iphoneos*]" = "iPhone Developer";
				COPY_PHASE_STRIP = NO;
				DEBUG_INFORMATION_FORMAT = dwarf;
				ENABLE_STRICT_OBJC_MSGSEND = YES;
				ENABLE_TESTABILITY = YES;
				GCC_C_LANGUAGE_STANDARD = gnu99;
				GCC_DYNAMIC_NO_PIC = NO;
				GCC_NO_COMMON_BLOCKS = YES;
				GCC_OPTIMIZATION_LEVEL = 0;
				GCC_PREPROCESSOR_DEFINITIONS = (
					"DEBUG=1",
					"$(inherited)",
				);
				GCC_WARN_64_TO_32_BIT_CONVERSION = YES;
				GCC_WARN_ABOUT_RETURN_TYPE = YES_ERROR;
				GCC_WARN_UNDECLARED_SELECTOR = YES;
				GCC_WARN_UNINITIALIZED_AUTOS = YES_AGGRESSIVE;
				GCC_WARN_UNUSED_FUNCTION = YES;
				GCC_WARN_UNUSED_VARIABLE = YES;
				IPHONEOS_DEPLOYMENT_TARGET = 10.2;
				MTL_ENABLE_DEBUG_INFO = YES;
				ONLY_ACTIVE_ARCH = YES;
				SDKROOT = iphoneos;
				SWIFT_ACTIVE_COMPILATION_CONDITIONS = DEBUG;
				SWIFT_OPTIMIZATION_LEVEL = "-Onone";
				TARGETED_DEVICE_FAMILY = "1,2";
			};
			name = Debug;
		};
		4632CA8D1E84B8D3002FA020 /* Release */ = {
			isa = XCBuildConfiguration;
			buildSettings = {
				ALWAYS_SEARCH_USER_PATHS = NO;
				CLANG_ANALYZER_NONNULL = YES;
				CLANG_CXX_LANGUAGE_STANDARD = "gnu++0x";
				CLANG_CXX_LIBRARY = "libc++";
				CLANG_ENABLE_MODULES = YES;
				CLANG_ENABLE_OBJC_ARC = YES;
				CLANG_WARN_BOOL_CONVERSION = YES;
				CLANG_WARN_CONSTANT_CONVERSION = YES;
				CLANG_WARN_DIRECT_OBJC_ISA_USAGE = YES_ERROR;
				CLANG_WARN_DOCUMENTATION_COMMENTS = YES;
				CLANG_WARN_EMPTY_BODY = YES;
				CLANG_WARN_ENUM_CONVERSION = YES;
				CLANG_WARN_INFINITE_RECURSION = YES;
				CLANG_WARN_INT_CONVERSION = YES;
				CLANG_WARN_OBJC_ROOT_CLASS = YES_ERROR;
				CLANG_WARN_SUSPICIOUS_MOVE = YES;
				CLANG_WARN_UNREACHABLE_CODE = YES;
				CLANG_WARN__DUPLICATE_METHOD_MATCH = YES;
				"CODE_SIGN_IDENTITY[sdk=iphoneos*]" = "iPhone Developer";
				COPY_PHASE_STRIP = NO;
				DEBUG_INFORMATION_FORMAT = "dwarf-with-dsym";
				ENABLE_NS_ASSERTIONS = NO;
				ENABLE_STRICT_OBJC_MSGSEND = YES;
				GCC_C_LANGUAGE_STANDARD = gnu99;
				GCC_NO_COMMON_BLOCKS = YES;
				GCC_WARN_64_TO_32_BIT_CONVERSION = YES;
				GCC_WARN_ABOUT_RETURN_TYPE = YES_ERROR;
				GCC_WARN_UNDECLARED_SELECTOR = YES;
				GCC_WARN_UNINITIALIZED_AUTOS = YES_AGGRESSIVE;
				GCC_WARN_UNUSED_FUNCTION = YES;
				GCC_WARN_UNUSED_VARIABLE = YES;
				IPHONEOS_DEPLOYMENT_TARGET = 10.2;
				MTL_ENABLE_DEBUG_INFO = NO;
				SDKROOT = iphoneos;
				SWIFT_OPTIMIZATION_LEVEL = "-Owholemodule";
				TARGETED_DEVICE_FAMILY = "1,2";
				VALIDATE_PRODUCT = YES;
			};
			name = Release;
		};
		4632CA8F1E84B8D3002FA020 /* Debug */ = {
			isa = XCBuildConfiguration;
			buildSettings = {
				ASSETCATALOG_COMPILER_APPICON_NAME = AppIcon;
				INFOPLIST_FILE = swiftDome/Info.plist;
				LD_RUNPATH_SEARCH_PATHS = "$(inherited) @executable_path/Frameworks";
				PRODUCT_BUNDLE_IDENTIFIER = huangkun.com.swiftDome;
				PRODUCT_NAME = "$(TARGET_NAME)";
				SWIFT_VERSION = 3.0;
			};
			name = Debug;
		};
		4632CA901E84B8D3002FA020 /* Release */ = {
			isa = XCBuildConfiguration;
			buildSettings = {
				ASSETCATALOG_COMPILER_APPICON_NAME = AppIcon;
				INFOPLIST_FILE = swiftDome/Info.plist;
				LD_RUNPATH_SEARCH_PATHS = "$(inherited) @executable_path/Frameworks";
				PRODUCT_BUNDLE_IDENTIFIER = huangkun.com.swiftDome;
				PRODUCT_NAME = "$(TARGET_NAME)";
				SWIFT_VERSION = 3.0;
			};
			name = Release;
		};
/* End XCBuildConfiguration section */

/* Begin XCConfigurationList section */
		4632CA741E84B8D3002FA020 /* Build configuration list for PBXProject "swiftDome" */ = {
			isa = XCConfigurationList;
			buildConfigurations = (
				4632CA8C1E84B8D3002FA020 /* Debug */,
				4632CA8D1E84B8D3002FA020 /* Release */,
			);
			defaultConfigurationIsVisible = 0;
			defaultConfigurationName = Release;
		};
		4632CA8E1E84B8D3002FA020 /* Build configuration list for PBXNativeTarget "swiftDome" */ = {
			isa = XCConfigurationList;
			buildConfigurations = (
				4632CA8F1E84B8D3002FA020 /* Debug */,
				4632CA901E84B8D3002FA020 /* Release */,
			);
			defaultConfigurationIsVisible = 0;
		};
/* End XCConfigurationList section */

/* Begin XCVersionGroup section */
		4632CA831E84B8D3002FA020 /* swiftDome.xcdatamodeld */ = {
			isa = XCVersionGroup;
			children = (
				4632CA841E84B8D3002FA020 /* swiftDome.xcdatamodel */,
			);
			currentVersion = 4632CA841E84B8D3002FA020 /* swiftDome.xcdatamodel */;
			path = swiftDome.xcdatamodeld;
			sourceTree = "<group>";
			versionGroupType = wrapper.xcdatamodel;
		};
/* End XCVersionGroup section */
	};
	rootObject = 4632CA711E84B8D3002FA020 /* Project object */;
}
